<?xml version="1.0" encoding="utf-8"?>
<Project ToolsVersion="4.0" xmlns="http://schemas.microsoft.com/developer/msbuild/2003">
  <ItemGroup>
    <Filter Include="Source Files">
      <UniqueIdentifier>{4FC737F1-C7A5-4376-A066-2A32D752A2FF}</UniqueIdentifier>
      <Extensions>cpp;c;cc;cxx;c++;def;odl;idl;hpj;bat;asm;asmx</Extensions>
    </Filter>
    <Filter Include="Header Files">
      <UniqueIdentifier>{93995380-89BD-4b04-88EB-625FBE52EBFB}</UniqueIdentifier>
      <Extensions>h;hh;hpp;hxx;h++;hm;inl;inc;ipp;xsd</Extensions>
    </Filter>
    <Filter Include="Resource Files">
      <UniqueIdentifier>{67DA6AB6-F800-4c08-8B7A-83BB121AAD01}</UniqueIdentifier>
      <Extensions>rc;ico;cur;bmp;dlg;rc2;rct;bin;rgs;gif;jpg;jpeg;jpe;resx;tiff;tif;png;wav;mfcribbon-ms</Extensions>
    </Filter>
  </ItemGroup>
  <ItemGroup>
    <ClCompile Include="src\Main.cpp">
      <Filter>Source Files</Filter>
    </ClCompile>
    <ClCompile Include="src\glad.c">
      <Filter>Source Files</Filter>
    </ClCompile>
    <ClCompile Include="src\utils\fileUtils\path.cpp">
      <Filter>Source Files</Filter>
    </ClCompile>
    <ClCompile Include="src\Camera\Camera.cpp">
      <Filter>Source Files</Filter>
    </ClCompile>
    <ClCompile Include="src\Mesh\Mesh.cpp">
      <Filter>Source Files</Filter>
    </ClCompile>
    <ClCompile Include="src\Model\Model.cpp">
      <Filter>Source Files</Filter>
    </ClCompile>
    <ClCompile Include="src\ScreenRenderer\ScreenRenderer.cpp">
      <Filter>Source Files</Filter>
    </ClCompile>
    <ClCompile Include="src\PostProcessEffect\PostProcessEffect.cpp">
      <Filter>Source Files</Filter>
    </ClCompile>
    <ClCompile Include="src\FrameBuffer\FrameBuffer.cpp">
      <Filter>Source Files</Filter>
    </ClCompile>
    <ClCompile Include="src\Texture2D\Texture2D.cpp">
      <Filter>Source Files</Filter>
    </ClCompile>
    <ClCompile Include="src\CubeMap\Cubemap.cpp">
      <Filter>Source Files</Filter>
    </ClCompile>
    <ClCompile Include="src\Skybox\Skybox.cpp">
      <Filter>Source Files</Filter>
    </ClCompile>
    <ClCompile Include="src\OpenGLObjectGenerator\OpenGLObjectGenerator.cpp">
      <Filter>Source Files</Filter>
    </ClCompile>
    <ClCompile Include="src\OpenGLObjectArray\OpenGLObjectArray.cpp">
      <Filter>Source Files</Filter>
    </ClCompile>
  </ItemGroup>
  <ItemGroup>
    <None Include=".gitignore" />
    <None Include=".gitattributes" />
    <None Include="src\Camera\Camera.hpp">
      <Filter>Header Files</Filter>
    </None>
    <None Include="resources\shaders\LightSource\LightSource.frag" />
    <None Include="resources\shaders\LightSource\LightSource.vert" />
    <None Include="resources\shaders\StandardPhong\StandardPhong.frag" />
    <None Include="resources\shaders\StandardPhong\StandardPhong.vert" />
    <None Include="resources\shaders\LinearDepthDisplay\LinearDepthDisplay.frag" />
    <None Include="resources\shaders\LinearDepthDisplay\LinearDepthDisplay.vert" />
    <None Include="resources\shaders\StandardUnlit\StandardUnlit.frag" />
    <None Include="resources\shaders\StandardUnlit\StandardUnlit.vert" />
    <None Include="resources\shaders\post_processing\Grayscale.frag" />
    <None Include="resources\shaders\post_processing\InvertColors.frag" />
    <None Include="resources\shaders\post_processing\default.vert" />
    <None Include="resources\shaders\post_processing\NoEffect.frag" />
    <None Include="resources\shaders\Cubemap\Cubemap.vert" />
    <None Include="resources\shaders\Cubemap\Cubemap.frag" />
  </ItemGroup>
  <ItemGroup>
    <ClInclude Include="src\Shader\Shader.hpp">
      <Filter>Header Files</Filter>
    </ClInclude>
    <ClInclude Include="src\utils\fileUtils.h">
      <Filter>Header Files</Filter>
    </ClInclude>
    <ClInclude Include="src\Mesh\Mesh.hpp">
      <Filter>Header Files</Filter>
    </ClInclude>
    <ClInclude Include="src\Model\Model.hpp">
      <Filter>Header Files</Filter>
    </ClInclude>
    <ClInclude Include="src\effects\drawWithOutline\drawWithOutline.hpp">
      <Filter>Header Files</Filter>
    </ClInclude>
    <ClInclude Include="src\utils\array.h">
      <Filter>Header Files</Filter>
    </ClInclude>
    <ClInclude Include="src\WorldObject\WorldObject.hpp">
      <Filter>Header Files</Filter>
    </ClInclude>
    <ClInclude Include="src\light\attributes\PhongLight.hpp">
      <Filter>Header Files</Filter>
    </ClInclude>
    <ClInclude Include="src\light\attributes\PositionalLight.hpp">
      <Filter>Header Files</Filter>
    </ClInclude>
    <ClInclude Include="src\light\SpotLight\SpotLight.hpp">
      <Filter>Header Files</Filter>
    </ClInclude>
    <ClInclude Include="src\light\PointLight\PointLight.hpp">
      <Filter>Header Files</Filter>
    </ClInclude>
    <ClInclude Include="src\light\DirectionalLight\DirectionalLight.hpp">
      <Filter>Header Files</Filter>
    </ClInclude>
    <ClInclude Include="src\ScreenRenderer\ScreenRenderer.hpp">
      <Filter>Header Files</Filter>
    </ClInclude>
    <ClInclude Include="src\PostProcessEffect\PostProcessEffect.hpp">
      <Filter>Header Files</Filter>
    </ClInclude>
    <ClInclude Include="src\FrameBuffer\FrameBuffer.hpp">
      <Filter>Header Files</Filter>
    </ClInclude>
    <ClInclude Include="src\Texture2D\Texture2D.hpp">
      <Filter>Header Files</Filter>
    </ClInclude>
    <ClInclude Include="src\CubeMap\Cubemap.hpp">
      <Filter>Header Files</Filter>
    </ClInclude>
    <ClInclude Include="src\Skybox\Skybox.hpp">
      <Filter>Header Files</Filter>
    </ClInclude>
    <ClInclude Include="src\OpenGLObjectGenerator\OpenGLObjectGenerator.hpp">
      <Filter>Header Files</Filter>
    </ClInclude>
    <ClInclude Include="src\OpenGLObjectArray\OpenGLObjectArray.hpp">
      <Filter>Header Files</Filter>
    </ClInclude>
  </ItemGroup>
  <ItemGroup>
    <Image Include="resources\textures\steel-wooden-container\diffuse.png">
      <Filter>Resource Files</Filter>
    </Image>
    <Image Include="resources\textures\steel-wooden-container\emission.jpg">
      <Filter>Resource Files</Filter>
    </Image>
    <Image Include="resources\textures\steel-wooden-container\specular.png">
      <Filter>Resource Files</Filter>
    </Image>
    <Image Include="resources\textures\wooden-container.jpg">
      <Filter>Resource Files</Filter>
    </Image>
  </ItemGroup>
</Project>